Microsoft Visual Studio Solution File, Format Version 12.00
# Visual Studio Version 17
VisualStudioVersion = 17.9.34714.143
MinimumVisualStudioVersion = 10.0.40219.1
Project("{9A19103F-16F7-4668-BE54-9A1E7A4F7556}") = "DocsBr", "DocsBr\DocsBr.csproj", "{C5E55497-8B55-493F-BF9F-AE7AFCA5C368}"
EndProject
Project("{FAE04EC0-301F-11D3-BF4B-00C04F79EFBC}") = "DocsBr.Tests", "DocsBr.Tests\DocsBr.Tests.csproj", "{6085A62B-E05B-4351-802E-8B1CE5D858F0}"
EndProject
Global
	GlobalSection(SolutionConfigurationPlatforms) = preSolution
		Debug|Any CPU = Debug|Any CPU
		Release|Any CPU = Release|Any CPU
	EndGlobalSection
	GlobalSection(ProjectConfigurationPlatforms) = postSolution
		{C5E55497-8B55-493F-BF9F-AE7AFCA5C368}.Debug|Any CPU.ActiveCfg = Debug|Any CPU
		{C5E55497-8B55-493F-BF9F-AE7AFCA5C368}.Debug|Any CPU.Build.0 = Debug|Any CPU
		{C5E55497-8B55-493F-BF9F-AE7AFCA5C368}.Release|Any CPU.ActiveCfg = Release|Any CPU
		{C5E55497-8B55-493F-BF9F-AE7AFCA5C368}.Release|Any CPU.Build.0 = Release|Any CPU
		{6085A62B-E05B-4351-802E-8B1CE5D858F0}.Debug|Any CPU.ActiveCfg = Debug|Any CPU
		{6085A62B-E05B-4351-802E-8B1CE5D858F0}.Debug|Any CPU.Build.0 = Debug|Any CPU
		{6085A62B-E05B-4351-802E-8B1CE5D858F0}.Release|Any CPU.ActiveCfg = Release|Any CPU
		{6085A62B-E05B-4351-802E-8B1CE5D858F0}.Release|Any CPU.Build.0 = Release|Any CPU
	EndGlobalSection
	GlobalSection(SolutionProperties) = preSolution
		HideSolutionNode = FALSE
	EndGlobalSection
	GlobalSection(ExtensibilityGlobals) = postSolution
		SolutionGuid = {AEC8256E-1B8B-4E0D-A0EE-8B111423ECEA}
	EndGlobalSection
EndGlobal
