
Microsoft Visual Studio Solution File, Format Version 12.00
# Visual Studio 14
VisualStudioVersion = 14.0.23107.0
MinimumVisualStudioVersion = 10.0.40219.1
Project("{FAE04EC0-301F-11D3-BF4B-00C04F79EFBC}") = "DocsBr", "DocsBr\DocsBr.csproj", "{C5E55497-8B55-493F-BF9F-AE7AFCA5C368}"
EndProject
Project("{FAE04EC0-301F-11D3-BF4B-00C04F79EFBC}") = "DocsBr.Tests", "DocsBr.Tests\DocsBr.Tests.csproj", "{67359E77-34CC-45DD-82F1-6DDBBE644C5E}"
EndProject
Global
	GlobalSection(SolutionConfigurationPlatforms) = preSolution
		Debug|Any CPU = Debug|Any CPU
		Release|Any CPU = Release|Any CPU
	EndGlobalSection
	GlobalSection(ProjectConfigurationPlatforms) = postSolution
		{C5E55497-8B55-493F-BF9F-AE7AFCA5C368}.Debug|Any CPU.ActiveCfg = Debug|Any CPU
		{C5E55497-8B55-493F-BF9F-AE7AFCA5C368}.Debug|Any CPU.Build.0 = Debug|Any CPU
		{C5E55497-8B55-493F-BF9F-AE7AFCA5C368}.Release|Any CPU.ActiveCfg = Release|Any CPU
		{C5E55497-8B55-493F-BF9F-AE7AFCA5C368}.Release|Any CPU.Build.0 = Release|Any CPU
		{67359E77-34CC-45DD-82F1-6DDBBE644C5E}.Debug|Any CPU.ActiveCfg = Debug|Any CPU
		{67359E77-34CC-45DD-82F1-6DDBBE644C5E}.Debug|Any CPU.Build.0 = Debug|Any CPU
		{67359E77-34CC-45DD-82F1-6DDBBE644C5E}.Release|Any CPU.ActiveCfg = Release|Any CPU
		{67359E77-34CC-45DD-82F1-6DDBBE644C5E}.Release|Any CPU.Build.0 = Release|Any CPU
	EndGlobalSection
	GlobalSection(SolutionProperties) = preSolution
		HideSolutionNode = FALSE
	EndGlobalSection
EndGlobal
